
Microsoft Visual Studio Solution File, Format Version 12.00
# Visual Studio 15
VisualStudioVersion = 15.0.27703.2035
MinimumVisualStudioVersion = 10.0.40219.1
Project("{FAE04EC0-301F-11D3-BF4B-00C04F79EFBC}") = "TH3DPrintBot", "TH3DPrintBot\TH3DPrintBot.csproj", "{294A267E-88A8-4279-A5D8-5BC265B324A6}"
EndProject
Global
	GlobalSection(SolutionConfigurationPlatforms) = preSolution
		Debug|Any CPU = Debug|Any CPU
		Release|Any CPU = Release|Any CPU
	EndGlobalSection
	GlobalSection(ProjectConfigurationPlatforms) = postSolution
		{294A267E-88A8-4279-A5D8-5BC265B324A6}.Debug|Any CPU.ActiveCfg = Debug|Any CPU
		{294A267E-88A8-4279-A5D8-5BC265B324A6}.Debug|Any CPU.Build.0 = Debug|Any CPU
		{294A267E-88A8-4279-A5D8-5BC265B324A6}.Release|Any CPU.ActiveCfg = Release|Any CPU
		{294A267E-88A8-4279-A5D8-5BC265B324A6}.Release|Any CPU.Build.0 = Release|Any CPU
	EndGlobalSection
	GlobalSection(SolutionProperties) = preSolution
		HideSolutionNode = FALSE
	EndGlobalSection
	GlobalSection(ExtensibilityGlobals) = postSolution
		SolutionGuid = {AC165690-BF69-4839-B777-F1EB071C346D}
	EndGlobalSection
EndGlobal
